// !$*UTF8*$!
{
	archiveVersion = 1;
	classes = {
	};
	objectVersion = 77;
	objects = {

/* Begin PBXGroup section */
		6590D0C52E93DA3300EF6966 = {
			isa = PBXGroup;
			children = (
			);
			sourceTree = "<group>";
		};
/* End PBXGroup section */

/* Begin PBXProject section */
		6590D0C62E93DA3300EF6966 /* Project object */ = {
			isa = PBXProject;
			attributes = {
				BuildIndependentTargetsInParallel = 1;
				LastUpgradeCheck = 2600;
			};
			buildConfigurationList = 6590D0C92E93DA3300EF6966 /* Build configuration list for PBXProject "integers" */;
			developmentRegion = en;
			hasScannedForEncodings = 0;
			knownRegions = (
				en,
				Base,
			);
			mainGroup = 6590D0C52E93DA3300EF6966;
			minimizedProjectReferenceProxies = 1;
			preferredProjectObjectVersion = 77;
			projectDirPath = "";
			projectRoot = "";
			targets = (
			);
		};
/* End PBXProject section */

/* Begin XCBuildConfiguration section */
		6590D0CA2E93DA3300EF6966 /* Debug */ = {
			isa = XCBuildConfiguration;
			buildSettings = {
				DEVELOPMENT_TEAM = 6BFYP4Y93F;
			};
			name = Debug;
		};
		6590D0CB2E93DA3300EF6966 /* Release */ = {
			isa = XCBuildConfiguration;
			buildSettings = {
				DEVELOPMENT_TEAM = 6BFYP4Y93F;
			};
			name = Release;
		};
/* End XCBuildConfiguration section */

/* Begin XCConfigurationList section */
		6590D0C92E93DA3300EF6966 /* Build configuration list for PBXProject "integers" */ = {
			isa = XCConfigurationList;
			buildConfigurations = (
				6590D0CA2E93DA3300EF6966 /* Debug */,
				6590D0CB2E93DA3300EF6966 /* Release */,
			);
			defaultConfigurationIsVisible = 0;
			defaultConfigurationName = Release;
		};
/* End XCConfigurationList section */
	};
	rootObject = 6590D0C62E93DA3300EF6966 /* Project object */;
}
